// !$*UTF8*$!
{
	archiveVersion = 1;
	classes = {
	};
	objectVersion = 50;
	objects = {

/* Begin PBXBuildFile section */
		51398AF0258FCD0E0044535D /* Scanner.framework in Frameworks */ = {isa = PBXBuildFile; fileRef = 51398AE6258FCD0E0044535D /* Scanner.framework */; };
		51398AF7258FCD0E0044535D /* Scanner.h in Headers */ = {isa = PBXBuildFile; fileRef = 51398AE9258FCD0E0044535D /* Scanner.h */; settings = {ATTRIBUTES = (Public, ); }; };
		51456FC92596021C0065ECCF /* ImageScanner.swift in Sources */ = {isa = PBXBuildFile; fileRef = 51456FC32596021C0065ECCF /* ImageScanner.swift */; };
		51456FCA2596021C0065ECCF /* ScannerError.swift in Sources */ = {isa = PBXBuildFile; fileRef = 51456FC42596021C0065ECCF /* ScannerError.swift */; };
		51456FCB2596021C0065ECCF /* ImageRendererVC.swift in Sources */ = {isa = PBXBuildFile; fileRef = 51456FC52596021C0065ECCF /* ImageRendererVC.swift */; };
		51456FCC2596021C0065ECCF /* PublicUtility.swift in Sources */ = {isa = PBXBuildFile; fileRef = 51456FC62596021C0065ECCF /* PublicUtility.swift */; };
		51456FCD2596021C0065ECCF /* ImageRendererVC.xib in Resources */ = {isa = PBXBuildFile; fileRef = 51456FC72596021C0065ECCF /* ImageRendererVC.xib */; };
		51456FCE2596021C0065ECCF /* ImageRendererVM.swift in Sources */ = {isa = PBXBuildFile; fileRef = 51456FC82596021C0065ECCF /* ImageRendererVM.swift */; };
		51CCB3D0259603570093E8A0 /* ImageScannerMock.swift in Sources */ = {isa = PBXBuildFile; fileRef = 51CCB3CE259603560093E8A0 /* ImageScannerMock.swift */; };
		51CCB3D1259603570093E8A0 /* ImageRendererVMTests.swift in Sources */ = {isa = PBXBuildFile; fileRef = 51CCB3CF259603570093E8A0 /* ImageRendererVMTests.swift */; };
		51CCB3D7259603680093E8A0 /* DummyIDCard.jpg in Resources */ = {isa = PBXBuildFile; fileRef = 51CCB3D6259603680093E8A0 /* DummyIDCard.jpg */; };
		51CCB3DC2596037A0093E8A0 /* ImageScannerTests.swift in Sources */ = {isa = PBXBuildFile; fileRef = 51CCB3DA2596037A0093E8A0 /* ImageScannerTests.swift */; };
		51CCB3DD2596037A0093E8A0 /* ScannerErrorTests.swift in Sources */ = {isa = PBXBuildFile; fileRef = 51CCB3DB2596037A0093E8A0 /* ScannerErrorTests.swift */; };
/* End PBXBuildFile section */

/* Begin PBXContainerItemProxy section */
		51398AF1258FCD0E0044535D /* PBXContainerItemProxy */ = {
			isa = PBXContainerItemProxy;
			containerPortal = 51398ADD258FCD0E0044535D /* Project object */;
			proxyType = 1;
			remoteGlobalIDString = 51398AE5258FCD0E0044535D;
			remoteInfo = Scanner;
		};
/* End PBXContainerItemProxy section */

/* Begin PBXFileReference section */
		51398AE6258FCD0E0044535D /* Scanner.framework */ = {isa = PBXFileReference; explicitFileType = wrapper.framework; includeInIndex = 0; path = Scanner.framework; sourceTree = BUILT_PRODUCTS_DIR; };
		51398AE9258FCD0E0044535D /* Scanner.h */ = {isa = PBXFileReference; lastKnownFileType = sourcecode.c.h; path = Scanner.h; sourceTree = "<group>"; };
		51398AEA258FCD0E0044535D /* Info.plist */ = {isa = PBXFileReference; lastKnownFileType = text.plist.xml; path = Info.plist; sourceTree = "<group>"; };
		51398AEF258FCD0E0044535D /* ScannerTests.xctest */ = {isa = PBXFileReference; explicitFileType = wrapper.cfbundle; includeInIndex = 0; path = ScannerTests.xctest; sourceTree = BUILT_PRODUCTS_DIR; };
		51398AF6258FCD0E0044535D /* Info.plist */ = {isa = PBXFileReference; lastKnownFileType = text.plist.xml; path = Info.plist; sourceTree = "<group>"; };
		51456FC32596021C0065ECCF /* ImageScanner.swift */ = {isa = PBXFileReference; fileEncoding = 4; lastKnownFileType = sourcecode.swift; path = ImageScanner.swift; sourceTree = "<group>"; };
		51456FC42596021C0065ECCF /* ScannerError.swift */ = {isa = PBXFileReference; fileEncoding = 4; lastKnownFileType = sourcecode.swift; path = ScannerError.swift; sourceTree = "<group>"; };
		51456FC52596021C0065ECCF /* ImageRendererVC.swift */ = {isa = PBXFileReference; fileEncoding = 4; lastKnownFileType = sourcecode.swift; path = ImageRendererVC.swift; sourceTree = "<group>"; };
		51456FC62596021C0065ECCF /* PublicUtility.swift */ = {isa = PBXFileReference; fileEncoding = 4; lastKnownFileType = sourcecode.swift; path = PublicUtility.swift; sourceTree = "<group>"; };
		51456FC72596021C0065ECCF /* ImageRendererVC.xib */ = {isa = PBXFileReference; fileEncoding = 4; lastKnownFileType = file.xib; path = ImageRendererVC.xib; sourceTree = "<group>"; };
		51456FC82596021C0065ECCF /* ImageRendererVM.swift */ = {isa = PBXFileReference; fileEncoding = 4; lastKnownFileType = sourcecode.swift; path = ImageRendererVM.swift; sourceTree = "<group>"; };
		51CCB3CE259603560093E8A0 /* ImageScannerMock.swift */ = {isa = PBXFileReference; fileEncoding = 4; lastKnownFileType = sourcecode.swift; path = ImageScannerMock.swift; sourceTree = "<group>"; };
		51CCB3CF259603570093E8A0 /* ImageRendererVMTests.swift */ = {isa = PBXFileReference; fileEncoding = 4; lastKnownFileType = sourcecode.swift; path = ImageRendererVMTests.swift; sourceTree = "<group>"; };
		51CCB3D6259603680093E8A0 /* DummyIDCard.jpg */ = {isa = PBXFileReference; lastKnownFileType = image.jpeg; path = DummyIDCard.jpg; sourceTree = "<group>"; };
		51CCB3DA2596037A0093E8A0 /* ImageScannerTests.swift */ = {isa = PBXFileReference; fileEncoding = 4; lastKnownFileType = sourcecode.swift; path = ImageScannerTests.swift; sourceTree = "<group>"; };
		51CCB3DB2596037A0093E8A0 /* ScannerErrorTests.swift */ = {isa = PBXFileReference; fileEncoding = 4; lastKnownFileType = sourcecode.swift; path = ScannerErrorTests.swift; sourceTree = "<group>"; };
/* End PBXFileReference section */

/* Begin PBXFrameworksBuildPhase section */
		51398AE3258FCD0E0044535D /* Frameworks */ = {
			isa = PBXFrameworksBuildPhase;
			buildActionMask = 2147483647;
			files = (
			);
			runOnlyForDeploymentPostprocessing = 0;
		};
		51398AEC258FCD0E0044535D /* Frameworks */ = {
			isa = PBXFrameworksBuildPhase;
			buildActionMask = 2147483647;
			files = (
				51398AF0258FCD0E0044535D /* Scanner.framework in Frameworks */,
			);
			runOnlyForDeploymentPostprocessing = 0;
		};
/* End PBXFrameworksBuildPhase section */

/* Begin PBXGroup section */
		51398ADC258FCD0E0044535D = {
			isa = PBXGroup;
			children = (
				51398AE8258FCD0E0044535D /* Scanner */,
				51398AF3258FCD0E0044535D /* ScannerTests */,
				51398AE7258FCD0E0044535D /* Products */,
			);
			sourceTree = "<group>";
		};
		51398AE7258FCD0E0044535D /* Products */ = {
			isa = PBXGroup;
			children = (
				51398AE6258FCD0E0044535D /* Scanner.framework */,
				51398AEF258FCD0E0044535D /* ScannerTests.xctest */,
			);
			name = Products;
			sourceTree = "<group>";
		};
		51398AE8258FCD0E0044535D /* Scanner */ = {
			isa = PBXGroup;
			children = (
				516BA16925973AB7005E8067 /* Image Capture */,
				516BA16A25973AC9005E8067 /* Image Scanner */,
				51456FC62596021C0065ECCF /* PublicUtility.swift */,
				51456FC42596021C0065ECCF /* ScannerError.swift */,
				51398AE9258FCD0E0044535D /* Scanner.h */,
				51398AEA258FCD0E0044535D /* Info.plist */,
			);
			path = Scanner;
			sourceTree = "<group>";
		};
		51398AF3258FCD0E0044535D /* ScannerTests */ = {
			isa = PBXGroup;
			children = (
				51CCB3CB2596032F0093E8A0 /* ImageRendererVMTests */,
				51CCB3CA259603160093E8A0 /* Stubs */,
				51CCB3DA2596037A0093E8A0 /* ImageScannerTests.swift */,
				51CCB3DB2596037A0093E8A0 /* ScannerErrorTests.swift */,
				51398AF6258FCD0E0044535D /* Info.plist */,
			);
			path = ScannerTests;
			sourceTree = "<group>";
		};
		516BA16925973AB7005E8067 /* Image Capture */ = {
			isa = PBXGroup;
			children = (
				51456FC52596021C0065ECCF /* ImageRendererVC.swift */,
				51456FC72596021C0065ECCF /* ImageRendererVC.xib */,
				51456FC82596021C0065ECCF /* ImageRendererVM.swift */,
			);
			path = "Image Capture";
			sourceTree = "<group>";
		};
		516BA16A25973AC9005E8067 /* Image Scanner */ = {
			isa = PBXGroup;
			children = (
				51456FC32596021C0065ECCF /* ImageScanner.swift */,
			);
			path = "Image Scanner";
			sourceTree = "<group>";
		};
		51CCB3CA259603160093E8A0 /* Stubs */ = {
			isa = PBXGroup;
			children = (
				51CCB3D6259603680093E8A0 /* DummyIDCard.jpg */,
			);
			path = Stubs;
			sourceTree = "<group>";
		};
		51CCB3CB2596032F0093E8A0 /* ImageRendererVMTests */ = {
			isa = PBXGroup;
			children = (
				51CCB3CF259603570093E8A0 /* ImageRendererVMTests.swift */,
				51CCB3CE259603560093E8A0 /* ImageScannerMock.swift */,
			);
			path = ImageRendererVMTests;
			sourceTree = "<group>";
		};
/* End PBXGroup section */

/* Begin PBXHeadersBuildPhase section */
		51398AE1258FCD0E0044535D /* Headers */ = {
			isa = PBXHeadersBuildPhase;
			buildActionMask = 2147483647;
			files = (
				51398AF7258FCD0E0044535D /* Scanner.h in Headers */,
			);
			runOnlyForDeploymentPostprocessing = 0;
		};
/* End PBXHeadersBuildPhase section */

/* Begin PBXNativeTarget section */
		51398AE5258FCD0E0044535D /* Scanner */ = {
			isa = PBXNativeTarget;
			buildConfigurationList = 51398AFA258FCD0E0044535D /* Build configuration list for PBXNativeTarget "Scanner" */;
			buildPhases = (
				51398AE1258FCD0E0044535D /* Headers */,
				51398AE2258FCD0E0044535D /* Sources */,
				51398AE3258FCD0E0044535D /* Frameworks */,
				51398AE4258FCD0E0044535D /* Resources */,
			);
			buildRules = (
			);
			dependencies = (
			);
			name = Scanner;
			productName = Scanner;
			productReference = 51398AE6258FCD0E0044535D /* Scanner.framework */;
			productType = "com.apple.product-type.framework";
		};
		51398AEE258FCD0E0044535D /* ScannerTests */ = {
			isa = PBXNativeTarget;
			buildConfigurationList = 51398AFD258FCD0E0044535D /* Build configuration list for PBXNativeTarget "ScannerTests" */;
			buildPhases = (
				51398AEB258FCD0E0044535D /* Sources */,
				51398AEC258FCD0E0044535D /* Frameworks */,
				51398AED258FCD0E0044535D /* Resources */,
			);
			buildRules = (
			);
			dependencies = (
				51398AF2258FCD0E0044535D /* PBXTargetDependency */,
			);
			name = ScannerTests;
			productName = ScannerTests;
			productReference = 51398AEF258FCD0E0044535D /* ScannerTests.xctest */;
			productType = "com.apple.product-type.bundle.unit-test";
		};
/* End PBXNativeTarget section */

/* Begin PBXProject section */
		51398ADD258FCD0E0044535D /* Project object */ = {
			isa = PBXProject;
			attributes = {
				LastSwiftUpdateCheck = 1200;
				LastUpgradeCheck = 1200;
				TargetAttributes = {
					51398AE5258FCD0E0044535D = {
						CreatedOnToolsVersion = 12.0;
						LastSwiftMigration = 1200;
					};
					51398AEE258FCD0E0044535D = {
						CreatedOnToolsVersion = 12.0;
						LastSwiftMigration = 1200;
					};
				};
			};
			buildConfigurationList = 51398AE0258FCD0E0044535D /* Build configuration list for PBXProject "Scanner" */;
			compatibilityVersion = "Xcode 9.3";
			developmentRegion = en;
			hasScannedForEncodings = 0;
			knownRegions = (
				en,
				Base,
			);
			mainGroup = 51398ADC258FCD0E0044535D;
			productRefGroup = 51398AE7258FCD0E0044535D /* Products */;
			projectDirPath = "";
			projectRoot = "";
			targets = (
				51398AE5258FCD0E0044535D /* Scanner */,
				51398AEE258FCD0E0044535D /* ScannerTests */,
			);
		};
/* End PBXProject section */

/* Begin PBXResourcesBuildPhase section */
		51398AE4258FCD0E0044535D /* Resources */ = {
			isa = PBXResourcesBuildPhase;
			buildActionMask = 2147483647;
			files = (
				51456FCD2596021C0065ECCF /* ImageRendererVC.xib in Resources */,
			);
			runOnlyForDeploymentPostprocessing = 0;
		};
		51398AED258FCD0E0044535D /* Resources */ = {
			isa = PBXResourcesBuildPhase;
			buildActionMask = 2147483647;
			files = (
				51CCB3D7259603680093E8A0 /* DummyIDCard.jpg in Resources */,
			);
			runOnlyForDeploymentPostprocessing = 0;
		};
/* End PBXResourcesBuildPhase section */

/* Begin PBXSourcesBuildPhase section */
		51398AE2258FCD0E0044535D /* Sources */ = {
			isa = PBXSourcesBuildPhase;
			buildActionMask = 2147483647;
			files = (
				51456FC92596021C0065ECCF /* ImageScanner.swift in Sources */,
				51456FCC2596021C0065ECCF /* PublicUtility.swift in Sources */,
				51456FCB2596021C0065ECCF /* ImageRendererVC.swift in Sources */,
				51456FCA2596021C0065ECCF /* ScannerError.swift in Sources */,
				51456FCE2596021C0065ECCF /* ImageRendererVM.swift in Sources */,
			);
			runOnlyForDeploymentPostprocessing = 0;
		};
		51398AEB258FCD0E0044535D /* Sources */ = {
			isa = PBXSourcesBuildPhase;
			buildActionMask = 2147483647;
			files = (
				51CCB3D0259603570093E8A0 /* ImageScannerMock.swift in Sources */,
				51CCB3DD2596037A0093E8A0 /* ScannerErrorTests.swift in Sources */,
				51CCB3DC2596037A0093E8A0 /* ImageScannerTests.swift in Sources */,
				51CCB3D1259603570093E8A0 /* ImageRendererVMTests.swift in Sources */,
			);
			runOnlyForDeploymentPostprocessing = 0;
		};
/* End PBXSourcesBuildPhase section */

/* Begin PBXTargetDependency section */
		51398AF2258FCD0E0044535D /* PBXTargetDependency */ = {
			isa = PBXTargetDependency;
			target = 51398AE5258FCD0E0044535D /* Scanner */;
			targetProxy = 51398AF1258FCD0E0044535D /* PBXContainerItemProxy */;
		};
/* End PBXTargetDependency section */

/* Begin XCBuildConfiguration section */
		51398AF8258FCD0E0044535D /* Debug */ = {
			isa = XCBuildConfiguration;
			buildSettings = {
				ALWAYS_SEARCH_USER_PATHS = NO;
				CLANG_ANALYZER_NONNULL = YES;
				CLANG_ANALYZER_NUMBER_OBJECT_CONVERSION = YES_AGGRESSIVE;
				CLANG_CXX_LANGUAGE_STANDARD = "gnu++14";
				CLANG_CXX_LIBRARY = "libc++";
				CLANG_ENABLE_MODULES = YES;
				CLANG_ENABLE_OBJC_ARC = YES;
				CLANG_ENABLE_OBJC_WEAK = YES;
				CLANG_WARN_BLOCK_CAPTURE_AUTORELEASING = YES;
				CLANG_WARN_BOOL_CONVERSION = YES;
				CLANG_WARN_COMMA = YES;
				CLANG_WARN_CONSTANT_CONVERSION = YES;
				CLANG_WARN_DEPRECATED_OBJC_IMPLEMENTATIONS = YES;
				CLANG_WARN_DIRECT_OBJC_ISA_USAGE = YES_ERROR;
				CLANG_WARN_DOCUMENTATION_COMMENTS = YES;
				CLANG_WARN_EMPTY_BODY = YES;
				CLANG_WARN_ENUM_CONVERSION = YES;
				CLANG_WARN_INFINITE_RECURSION = YES;
				CLANG_WARN_INT_CONVERSION = YES;
				CLANG_WARN_NON_LITERAL_NULL_CONVERSION = YES;
				CLANG_WARN_OBJC_IMPLICIT_RETAIN_SELF = YES;
				CLANG_WARN_OBJC_LITERAL_CONVERSION = YES;
				CLANG_WARN_OBJC_ROOT_CLASS = YES_ERROR;
				CLANG_WARN_QUOTED_INCLUDE_IN_FRAMEWORK_HEADER = YES;
				CLANG_WARN_RANGE_LOOP_ANALYSIS = YES;
				CLANG_WARN_STRICT_PROTOTYPES = YES;
				CLANG_WARN_SUSPICIOUS_MOVE = YES;
				CLANG_WARN_UNGUARDED_AVAILABILITY = YES_AGGRESSIVE;
				CLANG_WARN_UNREACHABLE_CODE = YES;
				CLANG_WARN__DUPLICATE_METHOD_MATCH = YES;
				COPY_PHASE_STRIP = NO;
				CURRENT_PROJECT_VERSION = 1;
				DEBUG_INFORMATION_FORMAT = dwarf;
				ENABLE_STRICT_OBJC_MSGSEND = YES;
				ENABLE_TESTABILITY = YES;
				GCC_C_LANGUAGE_STANDARD = gnu11;
				GCC_DYNAMIC_NO_PIC = NO;
				GCC_NO_COMMON_BLOCKS = YES;
				GCC_OPTIMIZATION_LEVEL = 0;
				GCC_PREPROCESSOR_DEFINITIONS = (
					"DEBUG=1",
					"$(inherited)",
				);
				GCC_WARN_64_TO_32_BIT_CONVERSION = YES;
				GCC_WARN_ABOUT_RETURN_TYPE = YES_ERROR;
				GCC_WARN_UNDECLARED_SELECTOR = YES;
				GCC_WARN_UNINITIALIZED_AUTOS = YES_AGGRESSIVE;
				GCC_WARN_UNUSED_FUNCTION = YES;
				GCC_WARN_UNUSED_VARIABLE = YES;
				IPHONEOS_DEPLOYMENT_TARGET = 14.0;
				MTL_ENABLE_DEBUG_INFO = INCLUDE_SOURCE;
				MTL_FAST_MATH = YES;
				ONLY_ACTIVE_ARCH = YES;
				SDKROOT = iphoneos;
				SWIFT_ACTIVE_COMPILATION_CONDITIONS = DEBUG;
				SWIFT_OPTIMIZATION_LEVEL = "-Onone";
				VERSIONING_SYSTEM = "apple-generic";
				VERSION_INFO_PREFIX = "";
			};
			name = Debug;
		};
		51398AF9258FCD0E0044535D /* Release */ = {
			isa = XCBuildConfiguration;
			buildSettings = {
				ALWAYS_SEARCH_USER_PATHS = NO;
				CLANG_ANALYZER_NONNULL = YES;
				CLANG_ANALYZER_NUMBER_OBJECT_CONVERSION = YES_AGGRESSIVE;
				CLANG_CXX_LANGUAGE_STANDARD = "gnu++14";
				CLANG_CXX_LIBRARY = "libc++";
				CLANG_ENABLE_MODULES = YES;
				CLANG_ENABLE_OBJC_ARC = YES;
				CLANG_ENABLE_OBJC_WEAK = YES;
				CLANG_WARN_BLOCK_CAPTURE_AUTORELEASING = YES;
				CLANG_WARN_BOOL_CONVERSION = YES;
				CLANG_WARN_COMMA = YES;
				CLANG_WARN_CONSTANT_CONVERSION = YES;
				CLANG_WARN_DEPRECATED_OBJC_IMPLEMENTATIONS = YES;
				CLANG_WARN_DIRECT_OBJC_ISA_USAGE = YES_ERROR;
				CLANG_WARN_DOCUMENTATION_COMMENTS = YES;
				CLANG_WARN_EMPTY_BODY = YES;
				CLANG_WARN_ENUM_CONVERSION = YES;
				CLANG_WARN_INFINITE_RECURSION = YES;
				CLANG_WARN_INT_CONVERSION = YES;
				CLANG_WARN_NON_LITERAL_NULL_CONVERSION = YES;
				CLANG_WARN_OBJC_IMPLICIT_RETAIN_SELF = YES;
				CLANG_WARN_OBJC_LITERAL_CONVERSION = YES;
				CLANG_WARN_OBJC_ROOT_CLASS = YES_ERROR;
				CLANG_WARN_QUOTED_INCLUDE_IN_FRAMEWORK_HEADER = YES;
				CLANG_WARN_RANGE_LOOP_ANALYSIS = YES;
				CLANG_WARN_STRICT_PROTOTYPES = YES;
				CLANG_WARN_SUSPICIOUS_MOVE = YES;
				CLANG_WARN_UNGUARDED_AVAILABILITY = YES_AGGRESSIVE;
				CLANG_WARN_UNREACHABLE_CODE = YES;
				CLANG_WARN__DUPLICATE_METHOD_MATCH = YES;
				COPY_PHASE_STRIP = NO;
				CURRENT_PROJECT_VERSION = 1;
				DEBUG_INFORMATION_FORMAT = "dwarf-with-dsym";
				ENABLE_NS_ASSERTIONS = NO;
				ENABLE_STRICT_OBJC_MSGSEND = YES;
				GCC_C_LANGUAGE_STANDARD = gnu11;
				GCC_NO_COMMON_BLOCKS = YES;
				GCC_WARN_64_TO_32_BIT_CONVERSION = YES;
				GCC_WARN_ABOUT_RETURN_TYPE = YES_ERROR;
				GCC_WARN_UNDECLARED_SELECTOR = YES;
				GCC_WARN_UNINITIALIZED_AUTOS = YES_AGGRESSIVE;
				GCC_WARN_UNUSED_FUNCTION = YES;
				GCC_WARN_UNUSED_VARIABLE = YES;
				IPHONEOS_DEPLOYMENT_TARGET = 14.0;
				MTL_ENABLE_DEBUG_INFO = NO;
				MTL_FAST_MATH = YES;
				SDKROOT = iphoneos;
				SWIFT_COMPILATION_MODE = wholemodule;
				SWIFT_OPTIMIZATION_LEVEL = "-O";
				VALIDATE_PRODUCT = YES;
				VERSIONING_SYSTEM = "apple-generic";
				VERSION_INFO_PREFIX = "";
			};
			name = Release;
		};
		51398AFB258FCD0E0044535D /* Debug */ = {
			isa = XCBuildConfiguration;
			buildSettings = {
				CLANG_ENABLE_MODULES = YES;
				CODE_SIGN_STYLE = Automatic;
				DEFINES_MODULE = YES;
				DEVELOPMENT_TEAM = 6B6CF2FK8H;
				DYLIB_COMPATIBILITY_VERSION = 1;
				DYLIB_CURRENT_VERSION = 1;
				DYLIB_INSTALL_NAME_BASE = "@rpath";
				INFOPLIST_FILE = Scanner/Info.plist;
				INSTALL_PATH = "$(LOCAL_LIBRARY_DIR)/Frameworks";
				IPHONEOS_DEPLOYMENT_TARGET = 13.0;
				LD_RUNPATH_SEARCH_PATHS = (
					"$(inherited)",
					"@executable_path/Frameworks",
					"@loader_path/Frameworks",
				);
				PRODUCT_BUNDLE_IDENTIFIER = com.Company.Scanner;
				PRODUCT_NAME = "$(TARGET_NAME:c99extidentifier)";
				SKIP_INSTALL = YES;
				SUPPORTS_MACCATALYST = NO;
				SWIFT_OPTIMIZATION_LEVEL = "-Onone";
				SWIFT_VERSION = 5.0;
				TARGETED_DEVICE_FAMILY = "1,2";
			};
			name = Debug;
		};
		51398AFC258FCD0E0044535D /* Release */ = {
			isa = XCBuildConfiguration;
			buildSettings = {
				CLANG_ENABLE_MODULES = YES;
				CODE_SIGN_STYLE = Automatic;
				DEFINES_MODULE = YES;
				DEVELOPMENT_TEAM = 6B6CF2FK8H;
				DYLIB_COMPATIBILITY_VERSION = 1;
				DYLIB_CURRENT_VERSION = 1;
				DYLIB_INSTALL_NAME_BASE = "@rpath";
				INFOPLIST_FILE = Scanner/Info.plist;
				INSTALL_PATH = "$(LOCAL_LIBRARY_DIR)/Frameworks";
				IPHONEOS_DEPLOYMENT_TARGET = 13.0;
				LD_RUNPATH_SEARCH_PATHS = (
					"$(inherited)",
					"@executable_path/Frameworks",
					"@loader_path/Frameworks",
				);
				PRODUCT_BUNDLE_IDENTIFIER = com.Company.Scanner;
				PRODUCT_NAME = "$(TARGET_NAME:c99extidentifier)";
				SKIP_INSTALL = YES;
				SUPPORTS_MACCATALYST = NO;
				SWIFT_VERSION = 5.0;
				TARGETED_DEVICE_FAMILY = "1,2";
			};
			name = Release;
		};
		51398AFE258FCD0E0044535D /* Debug */ = {
			isa = XCBuildConfiguration;
			buildSettings = {
				ALWAYS_EMBED_SWIFT_STANDARD_LIBRARIES = YES;
				CLANG_ENABLE_MODULES = YES;
				CODE_SIGN_STYLE = Automatic;
				DEVELOPMENT_TEAM = 6B6CF2FK8H;
				INFOPLIST_FILE = ScannerTests/Info.plist;
				LD_RUNPATH_SEARCH_PATHS = (
					"$(inherited)",
					"@executable_path/Frameworks",
					"@loader_path/Frameworks",
				);
				PRODUCT_BUNDLE_IDENTIFIER = com.Company.ScannerTests;
				PRODUCT_NAME = "$(TARGET_NAME)";
				SWIFT_OPTIMIZATION_LEVEL = "-Onone";
				SWIFT_VERSION = 5.0;
				TARGETED_DEVICE_FAMILY = "1,2";
			};
			name = Debug;
		};
		51398AFF258FCD0E0044535D /* Release */ = {
			isa = XCBuildConfiguration;
			buildSettings = {
				ALWAYS_EMBED_SWIFT_STANDARD_LIBRARIES = YES;
				CLANG_ENABLE_MODULES = YES;
				CODE_SIGN_STYLE = Automatic;
				DEVELOPMENT_TEAM = 6B6CF2FK8H;
				INFOPLIST_FILE = ScannerTests/Info.plist;
				LD_RUNPATH_SEARCH_PATHS = (
					"$(inherited)",
					"@executable_path/Frameworks",
					"@loader_path/Frameworks",
				);
				PRODUCT_BUNDLE_IDENTIFIER = com.Company.ScannerTests;
				PRODUCT_NAME = "$(TARGET_NAME)";
				SWIFT_VERSION = 5.0;
				TARGETED_DEVICE_FAMILY = "1,2";
			};
			name = Release;
		};
/* End XCBuildConfiguration section */

/* Begin XCConfigurationList section */
		51398AE0258FCD0E0044535D /* Build configuration list for PBXProject "Scanner" */ = {
			isa = XCConfigurationList;
			buildConfigurations = (
				51398AF8258FCD0E0044535D /* Debug */,
				51398AF9258FCD0E0044535D /* Release */,
			);
			defaultConfigurationIsVisible = 0;
			defaultConfigurationName = Release;
		};
		51398AFA258FCD0E0044535D /* Build configuration list for PBXNativeTarget "Scanner" */ = {
			isa = XCConfigurationList;
			buildConfigurations = (
				51398AFB258FCD0E0044535D /* Debug */,
				51398AFC258FCD0E0044535D /* Release */,
			);
			defaultConfigurationIsVisible = 0;
			defaultConfigurationName = Release;
		};
		51398AFD258FCD0E0044535D /* Build configuration list for PBXNativeTarget "ScannerTests" */ = {
			isa = XCConfigurationList;
			buildConfigurations = (
				51398AFE258FCD0E0044535D /* Debug */,
				51398AFF258FCD0E0044535D /* Release */,
			);
			defaultConfigurationIsVisible = 0;
			defaultConfigurationName = Release;
		};
/* End XCConfigurationList section */
	};
	rootObject = 51398ADD258FCD0E0044535D /* Project object */;
}
